
Microsoft Visual Studio Solution File, Format Version 12.00
# Visual Studio 14
VisualStudioVersion = 14.0.23107.0
MinimumVisualStudioVersion = 10.0.40219.1
Project("{FAE04EC0-301F-11D3-BF4B-00C04F79EFBC}") = "Theatre.Tests", "Theatre.Tests\Theatre.Tests.csproj", "{AB8AAE2A-0C39-40BB-9AC2-52A9694A6921}"
EndProject
Project("{FAE04EC0-301F-11D3-BF4B-00C04F79EFBC}") = "Theatre", "Theatre\Theatre.csproj", "{94F3D43F-0B18-46B3-9017-7D3B247756F1}"
EndProject
Global
	GlobalSection(SolutionConfigurationPlatforms) = preSolution
		Debug|Any CPU = Debug|Any CPU
		Release|Any CPU = Release|Any CPU
	EndGlobalSection
	GlobalSection(ProjectConfigurationPlatforms) = postSolution
		{AB8AAE2A-0C39-40BB-9AC2-52A9694A6921}.Debug|Any CPU.ActiveCfg = Debug|Any CPU
		{AB8AAE2A-0C39-40BB-9AC2-52A9694A6921}.Debug|Any CPU.Build.0 = Debug|Any CPU
		{AB8AAE2A-0C39-40BB-9AC2-52A9694A6921}.Release|Any CPU.ActiveCfg = Release|Any CPU
		{AB8AAE2A-0C39-40BB-9AC2-52A9694A6921}.Release|Any CPU.Build.0 = Release|Any CPU
		{94F3D43F-0B18-46B3-9017-7D3B247756F1}.Debug|Any CPU.ActiveCfg = Debug|Any CPU
		{94F3D43F-0B18-46B3-9017-7D3B247756F1}.Debug|Any CPU.Build.0 = Debug|Any CPU
		{94F3D43F-0B18-46B3-9017-7D3B247756F1}.Release|Any CPU.ActiveCfg = Release|Any CPU
		{94F3D43F-0B18-46B3-9017-7D3B247756F1}.Release|Any CPU.Build.0 = Release|Any CPU
	EndGlobalSection
	GlobalSection(SolutionProperties) = preSolution
		HideSolutionNode = FALSE
	EndGlobalSection
EndGlobal
