
Microsoft Visual Studio Solution File, Format Version 12.00
# Visual Studio 14
VisualStudioVersion = 14.0.23107.0
MinimumVisualStudioVersion = 10.0.40219.1
Project("{FAE04EC0-301F-11D3-BF4B-00C04F79EFBC}") = "Main", "Main\Main.csproj", "{895F8129-A1D3-4701-8F72-2C5872730B46}"
EndProject
Project("{FAE04EC0-301F-11D3-BF4B-00C04F79EFBC}") = "Logger", "Logger\Logger.csproj", "{C7631211-B561-4442-BAF8-79B86B438BE5}"
EndProject
Global
	GlobalSection(SolutionConfigurationPlatforms) = preSolution
		Debug|Any CPU = Debug|Any CPU
		Release|Any CPU = Release|Any CPU
	EndGlobalSection
	GlobalSection(ProjectConfigurationPlatforms) = postSolution
		{895F8129-A1D3-4701-8F72-2C5872730B46}.Debug|Any CPU.ActiveCfg = Debug|Any CPU
		{895F8129-A1D3-4701-8F72-2C5872730B46}.Debug|Any CPU.Build.0 = Debug|Any CPU
		{895F8129-A1D3-4701-8F72-2C5872730B46}.Release|Any CPU.ActiveCfg = Release|Any CPU
		{895F8129-A1D3-4701-8F72-2C5872730B46}.Release|Any CPU.Build.0 = Release|Any CPU
		{C7631211-B561-4442-BAF8-79B86B438BE5}.Debug|Any CPU.ActiveCfg = Debug|Any CPU
		{C7631211-B561-4442-BAF8-79B86B438BE5}.Debug|Any CPU.Build.0 = Debug|Any CPU
		{C7631211-B561-4442-BAF8-79B86B438BE5}.Release|Any CPU.ActiveCfg = Release|Any CPU
		{C7631211-B561-4442-BAF8-79B86B438BE5}.Release|Any CPU.Build.0 = Release|Any CPU
	EndGlobalSection
	GlobalSection(SolutionProperties) = preSolution
		HideSolutionNode = FALSE
	EndGlobalSection
EndGlobal
