
Microsoft Visual Studio Solution File, Format Version 12.00
# Visual Studio 14
VisualStudioVersion = 14.0.23107.0
MinimumVisualStudioVersion = 10.0.40219.1
Project("{FAE04EC0-301F-11D3-BF4B-00C04F79EFBC}") = "01.BookShop", "01.BookShop\01.BookShop.csproj", "{EB352ED9-B8EE-4728-8AD3-72E8B2BBF8A8}"
EndProject
Project("{FAE04EC0-301F-11D3-BF4B-00C04F79EFBC}") = "02.WorkingWithAbstraction", "02.WorkingWithAbstraction\02.WorkingWithAbstraction.csproj", "{B59F32F8-C93E-45C9-B243-8279F80C49DE}"
EndProject
Global
	GlobalSection(SolutionConfigurationPlatforms) = preSolution
		Debug|Any CPU = Debug|Any CPU
		Release|Any CPU = Release|Any CPU
	EndGlobalSection
	GlobalSection(ProjectConfigurationPlatforms) = postSolution
		{EB352ED9-B8EE-4728-8AD3-72E8B2BBF8A8}.Debug|Any CPU.ActiveCfg = Debug|Any CPU
		{EB352ED9-B8EE-4728-8AD3-72E8B2BBF8A8}.Debug|Any CPU.Build.0 = Debug|Any CPU
		{EB352ED9-B8EE-4728-8AD3-72E8B2BBF8A8}.Release|Any CPU.ActiveCfg = Release|Any CPU
		{EB352ED9-B8EE-4728-8AD3-72E8B2BBF8A8}.Release|Any CPU.Build.0 = Release|Any CPU
		{B59F32F8-C93E-45C9-B243-8279F80C49DE}.Debug|Any CPU.ActiveCfg = Debug|Any CPU
		{B59F32F8-C93E-45C9-B243-8279F80C49DE}.Debug|Any CPU.Build.0 = Debug|Any CPU
		{B59F32F8-C93E-45C9-B243-8279F80C49DE}.Release|Any CPU.ActiveCfg = Release|Any CPU
		{B59F32F8-C93E-45C9-B243-8279F80C49DE}.Release|Any CPU.Build.0 = Release|Any CPU
	EndGlobalSection
	GlobalSection(SolutionProperties) = preSolution
		HideSolutionNode = FALSE
	EndGlobalSection
EndGlobal
