
Microsoft Visual Studio Solution File, Format Version 12.00
# Visual Studio 2013
VisualStudioVersion = 12.0.21005.1
MinimumVisualStudioVersion = 10.0.40219.1
Project("{FAE04EC0-301F-11D3-BF4B-00C04F79EFBC}") = "Problem 1. Odd Lines", "Problem 1. Odd Lines\Problem 1. Odd Lines.csproj", "{1A7E7E1B-ECD6-4737-B179-3BC8E96776B1}"
EndProject
Project("{FAE04EC0-301F-11D3-BF4B-00C04F79EFBC}") = "Problem 2. Line Numbers", "Problem 2. Line Numbers\Problem 2. Line Numbers.csproj", "{37926F1E-EF58-4C9A-ACE0-5D907CCFF94B}"
EndProject
Project("{FAE04EC0-301F-11D3-BF4B-00C04F79EFBC}") = "Problem 3. Word Count", "Problem 3. Word Count\Problem 3. Word Count.csproj", "{CB8BA6FB-7C70-47B6-A6CA-6A24BD75A24C}"
EndProject
Project("{FAE04EC0-301F-11D3-BF4B-00C04F79EFBC}") = "Problem 4. Copy Binary File", "Problem 4. Copy Binary File\Problem 4. Copy Binary File.csproj", "{9A5819C7-3E23-466A-A83E-8524DD2022DC}"
EndProject
Project("{FAE04EC0-301F-11D3-BF4B-00C04F79EFBC}") = "Problem 5. Slicing File", "Problem 5. Slicing File\Problem 5. Slicing File.csproj", "{D58A2CBC-E668-44D4-AB3F-436F16A7AA5D}"
EndProject
Project("{FAE04EC0-301F-11D3-BF4B-00C04F79EFBC}") = "Problem 6. Zipping Sliced Files", "Problem 6. Zipping Sliced Files\Problem 6. Zipping Sliced Files.csproj", "{CFB4E5BA-40F3-4684-8ECE-C6478C0F178D}"
EndProject
Project("{FAE04EC0-301F-11D3-BF4B-00C04F79EFBC}") = "Problem 7. Directory Traversal", "Problem 7. Directory Traversal\Problem 7. Directory Traversal.csproj", "{9CC7B0E0-92FC-4B87-B216-D4418FD09121}"
EndProject
Global
	GlobalSection(SolutionConfigurationPlatforms) = preSolution
		Debug|Any CPU = Debug|Any CPU
		Release|Any CPU = Release|Any CPU
	EndGlobalSection
	GlobalSection(ProjectConfigurationPlatforms) = postSolution
		{1A7E7E1B-ECD6-4737-B179-3BC8E96776B1}.Debug|Any CPU.ActiveCfg = Debug|Any CPU
		{1A7E7E1B-ECD6-4737-B179-3BC8E96776B1}.Debug|Any CPU.Build.0 = Debug|Any CPU
		{1A7E7E1B-ECD6-4737-B179-3BC8E96776B1}.Release|Any CPU.ActiveCfg = Release|Any CPU
		{1A7E7E1B-ECD6-4737-B179-3BC8E96776B1}.Release|Any CPU.Build.0 = Release|Any CPU
		{37926F1E-EF58-4C9A-ACE0-5D907CCFF94B}.Debug|Any CPU.ActiveCfg = Debug|Any CPU
		{37926F1E-EF58-4C9A-ACE0-5D907CCFF94B}.Debug|Any CPU.Build.0 = Debug|Any CPU
		{37926F1E-EF58-4C9A-ACE0-5D907CCFF94B}.Release|Any CPU.ActiveCfg = Release|Any CPU
		{37926F1E-EF58-4C9A-ACE0-5D907CCFF94B}.Release|Any CPU.Build.0 = Release|Any CPU
		{CB8BA6FB-7C70-47B6-A6CA-6A24BD75A24C}.Debug|Any CPU.ActiveCfg = Debug|Any CPU
		{CB8BA6FB-7C70-47B6-A6CA-6A24BD75A24C}.Debug|Any CPU.Build.0 = Debug|Any CPU
		{CB8BA6FB-7C70-47B6-A6CA-6A24BD75A24C}.Release|Any CPU.ActiveCfg = Release|Any CPU
		{CB8BA6FB-7C70-47B6-A6CA-6A24BD75A24C}.Release|Any CPU.Build.0 = Release|Any CPU
		{9A5819C7-3E23-466A-A83E-8524DD2022DC}.Debug|Any CPU.ActiveCfg = Debug|Any CPU
		{9A5819C7-3E23-466A-A83E-8524DD2022DC}.Debug|Any CPU.Build.0 = Debug|Any CPU
		{9A5819C7-3E23-466A-A83E-8524DD2022DC}.Release|Any CPU.ActiveCfg = Release|Any CPU
		{9A5819C7-3E23-466A-A83E-8524DD2022DC}.Release|Any CPU.Build.0 = Release|Any CPU
		{D58A2CBC-E668-44D4-AB3F-436F16A7AA5D}.Debug|Any CPU.ActiveCfg = Debug|Any CPU
		{D58A2CBC-E668-44D4-AB3F-436F16A7AA5D}.Debug|Any CPU.Build.0 = Debug|Any CPU
		{D58A2CBC-E668-44D4-AB3F-436F16A7AA5D}.Release|Any CPU.ActiveCfg = Release|Any CPU
		{D58A2CBC-E668-44D4-AB3F-436F16A7AA5D}.Release|Any CPU.Build.0 = Release|Any CPU
		{CFB4E5BA-40F3-4684-8ECE-C6478C0F178D}.Debug|Any CPU.ActiveCfg = Debug|Any CPU
		{CFB4E5BA-40F3-4684-8ECE-C6478C0F178D}.Debug|Any CPU.Build.0 = Debug|Any CPU
		{CFB4E5BA-40F3-4684-8ECE-C6478C0F178D}.Release|Any CPU.ActiveCfg = Release|Any CPU
		{CFB4E5BA-40F3-4684-8ECE-C6478C0F178D}.Release|Any CPU.Build.0 = Release|Any CPU
		{9CC7B0E0-92FC-4B87-B216-D4418FD09121}.Debug|Any CPU.ActiveCfg = Debug|Any CPU
		{9CC7B0E0-92FC-4B87-B216-D4418FD09121}.Debug|Any CPU.Build.0 = Debug|Any CPU
		{9CC7B0E0-92FC-4B87-B216-D4418FD09121}.Release|Any CPU.ActiveCfg = Release|Any CPU
		{9CC7B0E0-92FC-4B87-B216-D4418FD09121}.Release|Any CPU.Build.0 = Release|Any CPU
	EndGlobalSection
	GlobalSection(SolutionProperties) = preSolution
		HideSolutionNode = FALSE
	EndGlobalSection
EndGlobal
